
Microsoft Visual Studio Solution File, Format Version 12.00
# Visual Studio 2013
VisualStudioVersion = 12.0.21005.1
MinimumVisualStudioVersion = 10.0.40219.1
Project("{FAE04EC0-301F-11D3-BF4B-00C04F79EFBC}") = "CodeTest", "CodeTest\CodeTest.csproj", "{5D4231D5-31AC-49D8-8B28-530E7D1964D5}"
EndProject
Project("{FAE04EC0-301F-11D3-BF4B-00C04F79EFBC}") = "UnitTest", "UnitTest\UnitTest.csproj", "{7D7830E5-21F5-442C-850D-7D2A11EAB581}"
EndProject
Global
	GlobalSection(SolutionConfigurationPlatforms) = preSolution
		Debug|Any CPU = Debug|Any CPU
		Release|Any CPU = Release|Any CPU
	EndGlobalSection
	GlobalSection(ProjectConfigurationPlatforms) = postSolution
		{5D4231D5-31AC-49D8-8B28-530E7D1964D5}.Debug|Any CPU.ActiveCfg = Debug|Any CPU
		{5D4231D5-31AC-49D8-8B28-530E7D1964D5}.Debug|Any CPU.Build.0 = Debug|Any CPU
		{5D4231D5-31AC-49D8-8B28-530E7D1964D5}.Release|Any CPU.ActiveCfg = Release|Any CPU
		{5D4231D5-31AC-49D8-8B28-530E7D1964D5}.Release|Any CPU.Build.0 = Release|Any CPU
		{7D7830E5-21F5-442C-850D-7D2A11EAB581}.Debug|Any CPU.ActiveCfg = Debug|Any CPU
		{7D7830E5-21F5-442C-850D-7D2A11EAB581}.Debug|Any CPU.Build.0 = Debug|Any CPU
		{7D7830E5-21F5-442C-850D-7D2A11EAB581}.Release|Any CPU.ActiveCfg = Release|Any CPU
		{7D7830E5-21F5-442C-850D-7D2A11EAB581}.Release|Any CPU.Build.0 = Release|Any CPU
	EndGlobalSection
	GlobalSection(SolutionProperties) = preSolution
		HideSolutionNode = FALSE
	EndGlobalSection
EndGlobal
